<?xml version="1.0" encoding="UTF-8" standalone="yes" ?>
<CodeBlocks_project_file>
	<FileVersion major="1" minor="6" />
	<Project>
		<Option title="Cluedo 1.0" />
		<Option pch_mode="2" />
		<Option compiler="gcc" />
		<Build>
			<Target title="Debug">
				<Option output="bin/Debug/Cluedo 1" prefix_auto="1" extension_auto="1" />
				<Option object_output="obj/Debug/" />
				<Option type="1" />
				<Option compiler="gcc" />
				<Compiler>
					<Add option="-g" />
					<Add directory="include" />
				</Compiler>
			</Target>
			<Target title="Release">
				<Option output="bin/Release/Cluedo 1" prefix_auto="1" extension_auto="1" />
				<Option object_output="obj/Release/" />
				<Option type="1" />
				<Option compiler="gcc" />
				<Compiler>
					<Add option="-O2" />
					<Add directory="include" />
				</Compiler>
				<Linker>
					<Add option="-s" />
				</Linker>
			</Target>
		</Build>
		<Compiler>
			<Add option="-Wall" />
			<Add option="-fexceptions" />
		</Compiler>
		<Unit filename="header.h" />
		<Unit filename="include/Accusation.h" />
		<Unit filename="include/Calepin.h" />
		<Unit filename="include/Carte.h" />
		<Unit filename="include/Compte.h" />
		<Unit filename="include/De.h" />
		<Unit filename="include/Enveloppe.h" />
		<Unit filename="include/Hypothese.h" />
		<Unit filename="include/Jeu.h" />
		<Unit filename="include/Joueur.h" />
		<Unit filename="include/Pioche.h" />
		<Unit filename="include/PlateauJeu.h" />
		<Unit filename="include/UneCase.h" />
		<Unit filename="main.cpp" />
		<Unit filename="sous_prog_principal.cpp" />
		<Unit filename="src/Accusation.cpp" />
		<Unit filename="src/Calepin.cpp" />
		<Unit filename="src/Carte.cpp" />
		<Unit filename="src/Compte.cpp" />
		<Unit filename="src/De.cpp" />
		<Unit filename="src/Enveloppe.cpp" />
		<Unit filename="src/Hypothese.cpp" />
		<Unit filename="src/Jeu.cpp" />
		<Unit filename="src/Joueur.cpp" />
		<Unit filename="src/Pioche.cpp" />
		<Unit filename="src/PlateauJeu.cpp" />
		<Unit filename="src/UneCase.cpp" />
		<Extensions>
			<lib_finder disable_auto="1" />
		</Extensions>
	</Project>
</CodeBlocks_project_file>
